
Microsoft Visual Studio Solution File, Format Version 12.00
# Visual Studio Version 16
VisualStudioVersion = 16.0.29926.136
MinimumVisualStudioVersion = 10.0.40219.1
Project("{9A19103F-16F7-4668-BE54-9A1E7A4F7556}") = "OpenOverheid", "OpenOverheid\OpenOverheid.csproj", "{482DB971-601B-4551-976C-D4D80EB2E5B1}"
EndProject
Project("{FAE04EC0-301F-11D3-BF4B-00C04F79EFBC}") = "OpenOverheid.Tests", "OpenOverheid.Tests\OpenOverheid.Tests.csproj", "{5C340239-15E5-4AC9-BDDB-B22143E18690}"
EndProject
Global
	GlobalSection(SolutionConfigurationPlatforms) = preSolution
		Debug|Any CPU = Debug|Any CPU
		Release|Any CPU = Release|Any CPU
	EndGlobalSection
	GlobalSection(ProjectConfigurationPlatforms) = postSolution
		{482DB971-601B-4551-976C-D4D80EB2E5B1}.Debug|Any CPU.ActiveCfg = Debug|Any CPU
		{482DB971-601B-4551-976C-D4D80EB2E5B1}.Debug|Any CPU.Build.0 = Debug|Any CPU
		{482DB971-601B-4551-976C-D4D80EB2E5B1}.Release|Any CPU.ActiveCfg = Release|Any CPU
		{482DB971-601B-4551-976C-D4D80EB2E5B1}.Release|Any CPU.Build.0 = Release|Any CPU
		{5C340239-15E5-4AC9-BDDB-B22143E18690}.Debug|Any CPU.ActiveCfg = Debug|Any CPU
		{5C340239-15E5-4AC9-BDDB-B22143E18690}.Debug|Any CPU.Build.0 = Debug|Any CPU
		{5C340239-15E5-4AC9-BDDB-B22143E18690}.Release|Any CPU.ActiveCfg = Release|Any CPU
		{5C340239-15E5-4AC9-BDDB-B22143E18690}.Release|Any CPU.Build.0 = Release|Any CPU
	EndGlobalSection
	GlobalSection(SolutionProperties) = preSolution
		HideSolutionNode = FALSE
	EndGlobalSection
	GlobalSection(ExtensibilityGlobals) = postSolution
		SolutionGuid = {4AE44713-5755-467A-AE7B-DEF11EA2960A}
	EndGlobalSection
EndGlobal
